
Microsoft Visual Studio Solution File, Format Version 11.00
# Visual Studio 2010
Project("{FAE04EC0-301F-11D3-BF4B-00C04F79EFBC}") = "MVC_TestBed", "MVC_TestBed.csproj", "{FDFCEFED-F0B4-40B5-8F5E-C16C0683C07F}"
EndProject
Project("{FAE04EC0-301F-11D3-BF4B-00C04F79EFBC}") = "MVC_JQuery_Chat", "..\MVC_JQuery_Chat\MVC_JQuery_Chat\MVC_JQuery_Chat.csproj", "{074235A5-15C2-4C65-945D-336DCD8083DC}"
EndProject
Project("{FAE04EC0-301F-11D3-BF4B-00C04F79EFBC}") = "ConsumeWCF", "..\ConsumeWCF\ConsumeWCF.csproj", "{F33245DC-5E82-4F5A-AD1E-111187A03A07}"
	ProjectSection(ProjectDependencies) = postProject
		{FDFCEFED-F0B4-40B5-8F5E-C16C0683C07F} = {FDFCEFED-F0B4-40B5-8F5E-C16C0683C07F}
	EndProjectSection
EndProject
Global
	GlobalSection(SolutionConfigurationPlatforms) = preSolution
		Debug|Any CPU = Debug|Any CPU
		Debug|Mixed Platforms = Debug|Mixed Platforms
		Debug|x86 = Debug|x86
		Release|Any CPU = Release|Any CPU
		Release|Mixed Platforms = Release|Mixed Platforms
		Release|x86 = Release|x86
	EndGlobalSection
	GlobalSection(ProjectConfigurationPlatforms) = postSolution
		{FDFCEFED-F0B4-40B5-8F5E-C16C0683C07F}.Debug|Any CPU.ActiveCfg = Debug|Any CPU
		{FDFCEFED-F0B4-40B5-8F5E-C16C0683C07F}.Debug|Any CPU.Build.0 = Debug|Any CPU
		{FDFCEFED-F0B4-40B5-8F5E-C16C0683C07F}.Debug|Mixed Platforms.ActiveCfg = Debug|Any CPU
		{FDFCEFED-F0B4-40B5-8F5E-C16C0683C07F}.Debug|Mixed Platforms.Build.0 = Debug|Any CPU
		{FDFCEFED-F0B4-40B5-8F5E-C16C0683C07F}.Debug|x86.ActiveCfg = Debug|Any CPU
		{FDFCEFED-F0B4-40B5-8F5E-C16C0683C07F}.Release|Any CPU.ActiveCfg = Release|Any CPU
		{FDFCEFED-F0B4-40B5-8F5E-C16C0683C07F}.Release|Any CPU.Build.0 = Release|Any CPU
		{FDFCEFED-F0B4-40B5-8F5E-C16C0683C07F}.Release|Mixed Platforms.ActiveCfg = Release|Any CPU
		{FDFCEFED-F0B4-40B5-8F5E-C16C0683C07F}.Release|Mixed Platforms.Build.0 = Release|Any CPU
		{FDFCEFED-F0B4-40B5-8F5E-C16C0683C07F}.Release|x86.ActiveCfg = Release|Any CPU
		{074235A5-15C2-4C65-945D-336DCD8083DC}.Debug|Any CPU.ActiveCfg = Debug|Any CPU
		{074235A5-15C2-4C65-945D-336DCD8083DC}.Debug|Any CPU.Build.0 = Debug|Any CPU
		{074235A5-15C2-4C65-945D-336DCD8083DC}.Debug|Mixed Platforms.ActiveCfg = Debug|Any CPU
		{074235A5-15C2-4C65-945D-336DCD8083DC}.Debug|Mixed Platforms.Build.0 = Debug|Any CPU
		{074235A5-15C2-4C65-945D-336DCD8083DC}.Debug|x86.ActiveCfg = Debug|Any CPU
		{074235A5-15C2-4C65-945D-336DCD8083DC}.Release|Any CPU.ActiveCfg = Release|Any CPU
		{074235A5-15C2-4C65-945D-336DCD8083DC}.Release|Any CPU.Build.0 = Release|Any CPU
		{074235A5-15C2-4C65-945D-336DCD8083DC}.Release|Mixed Platforms.ActiveCfg = Release|Any CPU
		{074235A5-15C2-4C65-945D-336DCD8083DC}.Release|Mixed Platforms.Build.0 = Release|Any CPU
		{074235A5-15C2-4C65-945D-336DCD8083DC}.Release|x86.ActiveCfg = Release|Any CPU
		{F33245DC-5E82-4F5A-AD1E-111187A03A07}.Debug|Any CPU.ActiveCfg = Debug|x86
		{F33245DC-5E82-4F5A-AD1E-111187A03A07}.Debug|Mixed Platforms.ActiveCfg = Debug|x86
		{F33245DC-5E82-4F5A-AD1E-111187A03A07}.Debug|Mixed Platforms.Build.0 = Debug|x86
		{F33245DC-5E82-4F5A-AD1E-111187A03A07}.Debug|x86.ActiveCfg = Debug|x86
		{F33245DC-5E82-4F5A-AD1E-111187A03A07}.Debug|x86.Build.0 = Debug|x86
		{F33245DC-5E82-4F5A-AD1E-111187A03A07}.Release|Any CPU.ActiveCfg = Release|x86
		{F33245DC-5E82-4F5A-AD1E-111187A03A07}.Release|Mixed Platforms.ActiveCfg = Release|x86
		{F33245DC-5E82-4F5A-AD1E-111187A03A07}.Release|Mixed Platforms.Build.0 = Release|x86
		{F33245DC-5E82-4F5A-AD1E-111187A03A07}.Release|x86.ActiveCfg = Release|x86
		{F33245DC-5E82-4F5A-AD1E-111187A03A07}.Release|x86.Build.0 = Release|x86
	EndGlobalSection
	GlobalSection(SolutionProperties) = preSolution
		HideSolutionNode = FALSE
	EndGlobalSection
EndGlobal
